PODS:
  - CIPlayerAssistor (1.0.5):
    - GCDWebServer
    - OpenSSL-Universal
  - GCDWebServer (3.5.4):
    - GCDWebServer/Core (= 3.5.4)
  - GCDWebServer/Core (3.5.4)
  - OpenSSL-Universal (3.3.2000)
  - TXLiteAVSDK_Player (11.6.15007)

DEPENDENCIES:
  - CIPlayerAssistor
  - TXLiteAVSDK_Player

SPEC REPOS:
  trunk:
    - CIPlayerAssistor
    - GCDWebServer
    - OpenSSL-Universal
    - TXLiteAVSDK_Player

SPEC CHECKSUMS:
  CIPlayerAssistor: 8cda69d9ec2e34eda8b5028ef515460e8377f989
  GCDWebServer: 2c156a56c8226e2d5c0c3f208a3621ccffbe3ce4
  OpenSSL-Universal: b60a3702c9fea8b3145549d421fdb018e53ab7b4
  TXLiteAVSDK_Player: b699a5b6abb53d1f906265b3b5ad8c1bf1b3e1fe

PODFILE CHECKSUM: 745070f8c6d6a81588eb00ec694069f20aeade2c

COCOAPODS: 1.15.2
